
Microsoft Visual Studio Solution File, Format Version 12.00
# Visual Studio Version 17
VisualStudioVersion = 17.9.34902.65
MinimumVisualStudioVersion = 10.0.40219.1
Project("{9A19103F-16F7-4668-BE54-9A1E7A4F7556}") = "Useetattoo.Server", "Useetattoo.Server\Useetattoo.Server.csproj", "{996EA275-9657-456D-A1E0-714F43203061}"
EndProject
Project("{54A90642-561A-4BB1-A94E-469ADEE60C69}") = "useetattoo.client", "useetattoo.client\useetattoo.client.esproj", "{31FB866B-0796-41E3-B3BF-7FF963460EA2}"
EndProject
Project("{9A19103F-16F7-4668-BE54-9A1E7A4F7556}") = "Useetattoo.ViewModels", "Useetattoo.ViewModels\Useetattoo.ViewModels.csproj", "{7CAABAFA-B617-4D76-83C9-3A63A0752918}"
EndProject
Project("{9A19103F-16F7-4668-BE54-9A1E7A4F7556}") = "Useetattoo.Db", "Useetattoo.Db\Useetattoo.Db.csproj", "{40C3E9C7-32A9-4BE7-B55A-034D034D9127}"
EndProject
Project("{9A19103F-16F7-4668-BE54-9A1E7A4F7556}") = "Useetattoo.Entities", "Useetattoo.Entities\Useetattoo.Entities.csproj", "{37717B18-4C19-4DC5-AC64-9947B9A0169A}"
EndProject
Project("{9A19103F-16F7-4668-BE54-9A1E7A4F7556}") = "Useetattoo.Common", "Useetattoo.Common\Useetattoo.Common.csproj", "{5B3B1AEB-5F91-4464-8375-AD7E541F3067}"
EndProject
Project("{FAE04EC0-301F-11D3-BF4B-00C04F79EFBC}") = "Useetattoo.Services", "Useetattoo.Services\Useetattoo.Services.csproj", "{3C43EEA2-1B40-43A4-9194-C4F049C7D26C}"
EndProject
Project("{FAE04EC0-301F-11D3-BF4B-00C04F79EFBC}") = "Useetattoo.Services.Interfaces", "Useetattoo.Services.Interfaces\Useetattoo.Services.Interfaces.csproj", "{8442E1BA-5BF1-4A44-8286-C03A4BB54F0D}"
EndProject
Global
	GlobalSection(SolutionConfigurationPlatforms) = preSolution
		Debug|Any CPU = Debug|Any CPU
		Release|Any CPU = Release|Any CPU
	EndGlobalSection
	GlobalSection(ProjectConfigurationPlatforms) = postSolution
		{996EA275-9657-456D-A1E0-714F43203061}.Debug|Any CPU.ActiveCfg = Debug|Any CPU
		{996EA275-9657-456D-A1E0-714F43203061}.Debug|Any CPU.Build.0 = Debug|Any CPU
		{996EA275-9657-456D-A1E0-714F43203061}.Release|Any CPU.ActiveCfg = Release|Any CPU
		{996EA275-9657-456D-A1E0-714F43203061}.Release|Any CPU.Build.0 = Release|Any CPU
		{31FB866B-0796-41E3-B3BF-7FF963460EA2}.Debug|Any CPU.ActiveCfg = Debug|Any CPU
		{31FB866B-0796-41E3-B3BF-7FF963460EA2}.Debug|Any CPU.Build.0 = Debug|Any CPU
		{31FB866B-0796-41E3-B3BF-7FF963460EA2}.Debug|Any CPU.Deploy.0 = Debug|Any CPU
		{31FB866B-0796-41E3-B3BF-7FF963460EA2}.Release|Any CPU.ActiveCfg = Release|Any CPU
		{31FB866B-0796-41E3-B3BF-7FF963460EA2}.Release|Any CPU.Build.0 = Release|Any CPU
		{31FB866B-0796-41E3-B3BF-7FF963460EA2}.Release|Any CPU.Deploy.0 = Release|Any CPU
		{7CAABAFA-B617-4D76-83C9-3A63A0752918}.Debug|Any CPU.ActiveCfg = Debug|Any CPU
		{7CAABAFA-B617-4D76-83C9-3A63A0752918}.Debug|Any CPU.Build.0 = Debug|Any CPU
		{7CAABAFA-B617-4D76-83C9-3A63A0752918}.Release|Any CPU.ActiveCfg = Release|Any CPU
		{7CAABAFA-B617-4D76-83C9-3A63A0752918}.Release|Any CPU.Build.0 = Release|Any CPU
		{40C3E9C7-32A9-4BE7-B55A-034D034D9127}.Debug|Any CPU.ActiveCfg = Debug|Any CPU
		{40C3E9C7-32A9-4BE7-B55A-034D034D9127}.Debug|Any CPU.Build.0 = Debug|Any CPU
		{40C3E9C7-32A9-4BE7-B55A-034D034D9127}.Release|Any CPU.ActiveCfg = Release|Any CPU
		{40C3E9C7-32A9-4BE7-B55A-034D034D9127}.Release|Any CPU.Build.0 = Release|Any CPU
		{37717B18-4C19-4DC5-AC64-9947B9A0169A}.Debug|Any CPU.ActiveCfg = Debug|Any CPU
		{37717B18-4C19-4DC5-AC64-9947B9A0169A}.Debug|Any CPU.Build.0 = Debug|Any CPU
		{37717B18-4C19-4DC5-AC64-9947B9A0169A}.Release|Any CPU.ActiveCfg = Release|Any CPU
		{37717B18-4C19-4DC5-AC64-9947B9A0169A}.Release|Any CPU.Build.0 = Release|Any CPU
		{5B3B1AEB-5F91-4464-8375-AD7E541F3067}.Debug|Any CPU.ActiveCfg = Debug|Any CPU
		{5B3B1AEB-5F91-4464-8375-AD7E541F3067}.Debug|Any CPU.Build.0 = Debug|Any CPU
		{5B3B1AEB-5F91-4464-8375-AD7E541F3067}.Release|Any CPU.ActiveCfg = Release|Any CPU
		{5B3B1AEB-5F91-4464-8375-AD7E541F3067}.Release|Any CPU.Build.0 = Release|Any CPU
		{3C43EEA2-1B40-43A4-9194-C4F049C7D26C}.Debug|Any CPU.ActiveCfg = Debug|Any CPU
		{3C43EEA2-1B40-43A4-9194-C4F049C7D26C}.Debug|Any CPU.Build.0 = Debug|Any CPU
		{3C43EEA2-1B40-43A4-9194-C4F049C7D26C}.Release|Any CPU.ActiveCfg = Release|Any CPU
		{3C43EEA2-1B40-43A4-9194-C4F049C7D26C}.Release|Any CPU.Build.0 = Release|Any CPU
		{8442E1BA-5BF1-4A44-8286-C03A4BB54F0D}.Debug|Any CPU.ActiveCfg = Debug|Any CPU
		{8442E1BA-5BF1-4A44-8286-C03A4BB54F0D}.Debug|Any CPU.Build.0 = Debug|Any CPU
		{8442E1BA-5BF1-4A44-8286-C03A4BB54F0D}.Release|Any CPU.ActiveCfg = Release|Any CPU
		{8442E1BA-5BF1-4A44-8286-C03A4BB54F0D}.Release|Any CPU.Build.0 = Release|Any CPU
	EndGlobalSection
	GlobalSection(SolutionProperties) = preSolution
		HideSolutionNode = FALSE
	EndGlobalSection
	GlobalSection(ExtensibilityGlobals) = postSolution
		SolutionGuid = {4B19BB88-C2AD-41D9-A871-7C6347BBF4B0}
	EndGlobalSection
EndGlobal
